// !$*UTF8*$!
{
	archiveVersion = 1;
	classes = {
	};
	objectVersion = 46;
	objects = {

/* Begin PBXBuildFile section */
		2B0AD73B1DAE0D630068CB71 /* main.m in Sources */ = {isa = PBXBuildFile; fileRef = 2B0AD73A1DAE0D630068CB71 /* main.m */; };
		2B0AD73E1DAE0D630068CB71 /* AppDelegate.m in Sources */ = {isa = PBXBuildFile; fileRef = 2B0AD73D1DAE0D630068CB71 /* AppDelegate.m */; };
		2B0AD7411DAE0D630068CB71 /* ViewController.m in Sources */ = {isa = PBXBuildFile; fileRef = 2B0AD7401DAE0D630068CB71 /* ViewController.m */; };
		2B0AD7441DAE0D630068CB71 /* Main.storyboard in Resources */ = {isa = PBXBuildFile; fileRef = 2B0AD7421DAE0D630068CB71 /* Main.storyboard */; };
		2B0AD7461DAE0D630068CB71 /* Assets.xcassets in Resources */ = {isa = PBXBuildFile; fileRef = 2B0AD7451DAE0D630068CB71 /* Assets.xcassets */; };
		2B0AD7491DAE0D630068CB71 /* LaunchScreen.storyboard in Resources */ = {isa = PBXBuildFile; fileRef = 2B0AD7471DAE0D630068CB71 /* LaunchScreen.storyboard */; };
		2B0AD7581DAE0DFD0068CB71 /* NSObject+lwx_associate.m in Sources */ = {isa = PBXBuildFile; fileRef = 2B0AD7531DAE0DFD0068CB71 /* NSObject+lwx_associate.m */; };
		2B0AD7591DAE0DFD0068CB71 /* UIBarButtonItem+Badge.m in Sources */ = {isa = PBXBuildFile; fileRef = 2B0AD7551DAE0DFD0068CB71 /* UIBarButtonItem+Badge.m */; };
		2B0AD75D1DAE0FA60068CB71 /* ViewController.m in Sources */ = {isa = PBXBuildFile; fileRef = 2B0AD75C1DAE0FA60068CB71 /* ViewController.m */; };
		2B0AD7601DAE151A0068CB71 /* UIButton+badge.m in Sources */ = {isa = PBXBuildFile; fileRef = 2B0AD75F1DAE151A0068CB71 /* UIButton+badge.m */; };
/* End PBXBuildFile section */

/* Begin PBXFileReference section */
		2B0AD7361DAE0D630068CB71 /* 添加分类.app */ = {isa = PBXFileReference; explicitFileType = wrapper.application; includeInIndex = 0; path = "添加分类.app"; sourceTree = BUILT_PRODUCTS_DIR; };
		2B0AD73A1DAE0D630068CB71 /* main.m */ = {isa = PBXFileReference; lastKnownFileType = sourcecode.c.objc; path = main.m; sourceTree = "<group>"; };
		2B0AD73C1DAE0D630068CB71 /* AppDelegate.h */ = {isa = PBXFileReference; lastKnownFileType = sourcecode.c.h; path = AppDelegate.h; sourceTree = "<group>"; };
		2B0AD73D1DAE0D630068CB71 /* AppDelegate.m */ = {isa = PBXFileReference; lastKnownFileType = sourcecode.c.objc; path = AppDelegate.m; sourceTree = "<group>"; };
		2B0AD7431DAE0D630068CB71 /* Base */ = {isa = PBXFileReference; lastKnownFileType = file.storyboard; name = Base; path = Base.lproj/Main.storyboard; sourceTree = "<group>"; };
		2B0AD7451DAE0D630068CB71 /* Assets.xcassets */ = {isa = PBXFileReference; lastKnownFileType = folder.assetcatalog; path = Assets.xcassets; sourceTree = "<group>"; };
		2B0AD7481DAE0D630068CB71 /* Base */ = {isa = PBXFileReference; lastKnownFileType = file.storyboard; name = Base; path = Base.lproj/LaunchScreen.storyboard; sourceTree = "<group>"; };
		2B0AD74A1DAE0D630068CB71 /* Info.plist */ = {isa = PBXFileReference; lastKnownFileType = text.plist.xml; path = Info.plist; sourceTree = "<group>"; };
		2B0AD7521DAE0DFD0068CB71 /* NSObject+lwx_associate.h */ = {isa = PBXFileReference; fileEncoding = 4; lastKnownFileType = sourcecode.c.h; path = "NSObject+lwx_associate.h"; sourceTree = "<group>"; };
		2B0AD7531DAE0DFD0068CB71 /* NSObject+lwx_associate.m */ = {isa = PBXFileReference; fileEncoding = 4; lastKnownFileType = sourcecode.c.objc; path = "NSObject+lwx_associate.m"; sourceTree = "<group>"; };
		2B0AD7541DAE0DFD0068CB71 /* UIBarButtonItem+Badge.h */ = {isa = PBXFileReference; fileEncoding = 4; lastKnownFileType = sourcecode.c.h; path = "UIBarButtonItem+Badge.h"; sourceTree = "<group>"; };
		2B0AD7551DAE0DFD0068CB71 /* UIBarButtonItem+Badge.m */ = {isa = PBXFileReference; fileEncoding = 4; lastKnownFileType = sourcecode.c.objc; path = "UIBarButtonItem+Badge.m"; sourceTree = "<group>"; };
		2B0AD75B1DAE0FA60068CB71 /* ViewController.h */ = {isa = PBXFileReference; fileEncoding = 4; lastKnownFileType = sourcecode.c.h; path = ViewController.h; sourceTree = "<group>"; };
		2B0AD75C1DAE0FA60068CB71 /* ViewController.m */ = {isa = PBXFileReference; fileEncoding = 4; lastKnownFileType = sourcecode.c.objc; path = ViewController.m; sourceTree = "<group>"; };
		2B0AD75E1DAE151A0068CB71 /* UIButton+badge.h */ = {isa = PBXFileReference; fileEncoding = 4; lastKnownFileType = sourcecode.c.h; path = "UIButton+badge.h"; sourceTree = "<group>"; };
		2B0AD75F1DAE151A0068CB71 /* UIButton+badge.m */ = {isa = PBXFileReference; fileEncoding = 4; lastKnownFileType = sourcecode.c.objc; path = "UIButton+badge.m"; sourceTree = "<group>"; };
/* End PBXFileReference section */

/* Begin PBXFrameworksBuildPhase section */
		2B0AD7331DAE0D630068CB71 /* Frameworks */ = {
			isa = PBXFrameworksBuildPhase;
			buildActionMask = 2147483647;
			files = (
			);
			runOnlyForDeploymentPostprocessing = 0;
		};
/* End PBXFrameworksBuildPhase section */

/* Begin PBXGroup section */
		2B0AD72D1DAE0D630068CB71 = {
			isa = PBXGroup;
			children = (
				2B0AD7381DAE0D630068CB71 /* 添加分类 */,
				2B0AD7371DAE0D630068CB71 /* Products */,
			);
			sourceTree = "<group>";
		};
		2B0AD7371DAE0D630068CB71 /* Products */ = {
			isa = PBXGroup;
			children = (
				2B0AD7361DAE0D630068CB71 /* 添加分类.app */,
			);
			name = Products;
			sourceTree = "<group>";
		};
		2B0AD7381DAE0D630068CB71 /* 添加分类 */ = {
			isa = PBXGroup;
			children = (
				2B0AD7501DAE0DCC0068CB71 /* Class */,
				2B0AD73C1DAE0D630068CB71 /* AppDelegate.h */,
				2B0AD73D1DAE0D630068CB71 /* AppDelegate.m */,
				2B0AD7391DAE0D630068CB71 /* Supporting Files */,
			);
			path = "添加分类";
			sourceTree = "<group>";
		};
		2B0AD7391DAE0D630068CB71 /* Supporting Files */ = {
			isa = PBXGroup;
			children = (
				2B0AD7421DAE0D630068CB71 /* Main.storyboard */,
				2B0AD7451DAE0D630068CB71 /* Assets.xcassets */,
				2B0AD7471DAE0D630068CB71 /* LaunchScreen.storyboard */,
				2B0AD74A1DAE0D630068CB71 /* Info.plist */,
				2B0AD73A1DAE0D630068CB71 /* main.m */,
			);
			name = "Supporting Files";
			sourceTree = "<group>";
		};
		2B0AD7501DAE0DCC0068CB71 /* Class */ = {
			isa = PBXGroup;
			children = (
				2B0AD7511DAE0DCC0068CB71 /* extension */,
				2B0AD75B1DAE0FA60068CB71 /* ViewController.h */,
				2B0AD75C1DAE0FA60068CB71 /* ViewController.m */,
			);
			path = Class;
			sourceTree = "<group>";
		};
		2B0AD7511DAE0DCC0068CB71 /* extension */ = {
			isa = PBXGroup;
			children = (
				2B0AD7521DAE0DFD0068CB71 /* NSObject+lwx_associate.h */,
				2B0AD7531DAE0DFD0068CB71 /* NSObject+lwx_associate.m */,
				2B0AD7541DAE0DFD0068CB71 /* UIBarButtonItem+Badge.h */,
				2B0AD7551DAE0DFD0068CB71 /* UIBarButtonItem+Badge.m */,
				2B0AD75E1DAE151A0068CB71 /* UIButton+badge.h */,
				2B0AD75F1DAE151A0068CB71 /* UIButton+badge.m */,
			);
			path = extension;
			sourceTree = "<group>";
		};
/* End PBXGroup section */

/* Begin PBXNativeTarget section */
		2B0AD7351DAE0D630068CB71 /* 添加分类 */ = {
			isa = PBXNativeTarget;
			buildConfigurationList = 2B0AD74D1DAE0D630068CB71 /* Build configuration list for PBXNativeTarget "添加分类" */;
			buildPhases = (
				2B0AD7321DAE0D630068CB71 /* Sources */,
				2B0AD7331DAE0D630068CB71 /* Frameworks */,
				2B0AD7341DAE0D630068CB71 /* Resources */,
			);
			buildRules = (
			);
			dependencies = (
			);
			name = "添加分类";
			productName = "添加分类";
			productReference = 2B0AD7361DAE0D630068CB71 /* 添加分类.app */;
			productType = "com.apple.product-type.application";
		};
/* End PBXNativeTarget section */

/* Begin PBXProject section */
		2B0AD72E1DAE0D630068CB71 /* Project object */ = {
			isa = PBXProject;
			attributes = {
				LastUpgradeCheck = 0800;
				ORGANIZATIONNAME = xtkj_ios;
				TargetAttributes = {
					2B0AD7351DAE0D630068CB71 = {
						CreatedOnToolsVersion = 8.0;
						ProvisioningStyle = Automatic;
					};
				};
			};
			buildConfigurationList = 2B0AD7311DAE0D630068CB71 /* Build configuration list for PBXProject "添加分类" */;
			compatibilityVersion = "Xcode 3.2";
			developmentRegion = English;
			hasScannedForEncodings = 0;
			knownRegions = (
				en,
				Base,
			);
			mainGroup = 2B0AD72D1DAE0D630068CB71;
			productRefGroup = 2B0AD7371DAE0D630068CB71 /* Products */;
			projectDirPath = "";
			projectRoot = "";
			targets = (
				2B0AD7351DAE0D630068CB71 /* 添加分类 */,
			);
		};
/* End PBXProject section */

/* Begin PBXResourcesBuildPhase section */
		2B0AD7341DAE0D630068CB71 /* Resources */ = {
			isa = PBXResourcesBuildPhase;
			buildActionMask = 2147483647;
			files = (
				2B0AD7491DAE0D630068CB71 /* LaunchScreen.storyboard in Resources */,
				2B0AD7461DAE0D630068CB71 /* Assets.xcassets in Resources */,
				2B0AD7441DAE0D630068CB71 /* Main.storyboard in Resources */,
			);
			runOnlyForDeploymentPostprocessing = 0;
		};
/* End PBXResourcesBuildPhase section */

/* Begin PBXSourcesBuildPhase section */
		2B0AD7321DAE0D630068CB71 /* Sources */ = {
			isa = PBXSourcesBuildPhase;
			buildActionMask = 2147483647;
			files = (
				2B0AD75D1DAE0FA60068CB71 /* ViewController.m in Sources */,
				2B0AD7601DAE151A0068CB71 /* UIButton+badge.m in Sources */,
				2B0AD7581DAE0DFD0068CB71 /* NSObject+lwx_associate.m in Sources */,
				2B0AD73E1DAE0D630068CB71 /* AppDelegate.m in Sources */,
				2B0AD73B1DAE0D630068CB71 /* main.m in Sources */,
				2B0AD7591DAE0DFD0068CB71 /* UIBarButtonItem+Badge.m in Sources */,
			);
			runOnlyForDeploymentPostprocessing = 0;
		};
/* End PBXSourcesBuildPhase section */

/* Begin PBXVariantGroup section */
		2B0AD7421DAE0D630068CB71 /* Main.storyboard */ = {
			isa = PBXVariantGroup;
			children = (
				2B0AD7431DAE0D630068CB71 /* Base */,
			);
			name = Main.storyboard;
			sourceTree = "<group>";
		};
		2B0AD7471DAE0D630068CB71 /* LaunchScreen.storyboard */ = {
			isa = PBXVariantGroup;
			children = (
				2B0AD7481DAE0D630068CB71 /* Base */,
			);
			name = LaunchScreen.storyboard;
			sourceTree = "<group>";
		};
/* End PBXVariantGroup section */

/* Begin XCBuildConfiguration section */
		2B0AD74B1DAE0D630068CB71 /* Debug */ = {
			isa = XCBuildConfiguration;
			buildSettings = {
				ALWAYS_SEARCH_USER_PATHS = NO;
				CLANG_ANALYZER_NONNULL = YES;
				CLANG_CXX_LANGUAGE_STANDARD = "gnu++0x";
				CLANG_CXX_LIBRARY = "libc++";
				CLANG_ENABLE_MODULES = YES;
				CLANG_ENABLE_OBJC_ARC = YES;
				CLANG_WARN_BOOL_CONVERSION = YES;
				CLANG_WARN_CONSTANT_CONVERSION = YES;
				CLANG_WARN_DIRECT_OBJC_ISA_USAGE = YES_ERROR;
				CLANG_WARN_DOCUMENTATION_COMMENTS = YES;
				CLANG_WARN_EMPTY_BODY = YES;
				CLANG_WARN_ENUM_CONVERSION = YES;
				CLANG_WARN_INFINITE_RECURSION = YES;
				CLANG_WARN_INT_CONVERSION = YES;
				CLANG_WARN_OBJC_ROOT_CLASS = YES_ERROR;
				CLANG_WARN_SUSPICIOUS_MOVES = YES;
				CLANG_WARN_UNREACHABLE_CODE = YES;
				CLANG_WARN__DUPLICATE_METHOD_MATCH = YES;
				"CODE_SIGN_IDENTITY[sdk=iphoneos*]" = "iPhone Developer";
				COPY_PHASE_STRIP = NO;
				DEBUG_INFORMATION_FORMAT = dwarf;
				ENABLE_STRICT_OBJC_MSGSEND = YES;
				ENABLE_TESTABILITY = YES;
				GCC_C_LANGUAGE_STANDARD = gnu99;
				GCC_DYNAMIC_NO_PIC = NO;
				GCC_NO_COMMON_BLOCKS = YES;
				GCC_OPTIMIZATION_LEVEL = 0;
				GCC_PREPROCESSOR_DEFINITIONS = (
					"DEBUG=1",
					"$(inherited)",
				);
				GCC_WARN_64_TO_32_BIT_CONVERSION = YES;
				GCC_WARN_ABOUT_RETURN_TYPE = YES_ERROR;
				GCC_WARN_UNDECLARED_SELECTOR = YES;
				GCC_WARN_UNINITIALIZED_AUTOS = YES_AGGRESSIVE;
				GCC_WARN_UNUSED_FUNCTION = YES;
				GCC_WARN_UNUSED_VARIABLE = YES;
				IPHONEOS_DEPLOYMENT_TARGET = 10.0;
				MTL_ENABLE_DEBUG_INFO = YES;
				ONLY_ACTIVE_ARCH = YES;
				SDKROOT = iphoneos;
				TARGETED_DEVICE_FAMILY = "1,2";
			};
			name = Debug;
		};
		2B0AD74C1DAE0D630068CB71 /* Release */ = {
			isa = XCBuildConfiguration;
			buildSettings = {
				ALWAYS_SEARCH_USER_PATHS = NO;
				CLANG_ANALYZER_NONNULL = YES;
				CLANG_CXX_LANGUAGE_STANDARD = "gnu++0x";
				CLANG_CXX_LIBRARY = "libc++";
				CLANG_ENABLE_MODULES = YES;
				CLANG_ENABLE_OBJC_ARC = YES;
				CLANG_WARN_BOOL_CONVERSION = YES;
				CLANG_WARN_CONSTANT_CONVERSION = YES;
				CLANG_WARN_DIRECT_OBJC_ISA_USAGE = YES_ERROR;
				CLANG_WARN_DOCUMENTATION_COMMENTS = YES;
				CLANG_WARN_EMPTY_BODY = YES;
				CLANG_WARN_ENUM_CONVERSION = YES;
				CLANG_WARN_INFINITE_RECURSION = YES;
				CLANG_WARN_INT_CONVERSION = YES;
				CLANG_WARN_OBJC_ROOT_CLASS = YES_ERROR;
				CLANG_WARN_SUSPICIOUS_MOVES = YES;
				CLANG_WARN_UNREACHABLE_CODE = YES;
				CLANG_WARN__DUPLICATE_METHOD_MATCH = YES;
				"CODE_SIGN_IDENTITY[sdk=iphoneos*]" = "iPhone Developer";
				COPY_PHASE_STRIP = NO;
				DEBUG_INFORMATION_FORMAT = "dwarf-with-dsym";
				ENABLE_NS_ASSERTIONS = NO;
				ENABLE_STRICT_OBJC_MSGSEND = YES;
				GCC_C_LANGUAGE_STANDARD = gnu99;
				GCC_NO_COMMON_BLOCKS = YES;
				GCC_WARN_64_TO_32_BIT_CONVERSION = YES;
				GCC_WARN_ABOUT_RETURN_TYPE = YES_ERROR;
				GCC_WARN_UNDECLARED_SELECTOR = YES;
				GCC_WARN_UNINITIALIZED_AUTOS = YES_AGGRESSIVE;
				GCC_WARN_UNUSED_FUNCTION = YES;
				GCC_WARN_UNUSED_VARIABLE = YES;
				IPHONEOS_DEPLOYMENT_TARGET = 10.0;
				MTL_ENABLE_DEBUG_INFO = NO;
				SDKROOT = iphoneos;
				TARGETED_DEVICE_FAMILY = "1,2";
				VALIDATE_PRODUCT = YES;
			};
			name = Release;
		};
		2B0AD74E1DAE0D630068CB71 /* Debug */ = {
			isa = XCBuildConfiguration;
			buildSettings = {
				ASSETCATALOG_COMPILER_APPICON_NAME = AppIcon;
				INFOPLIST_FILE = "添加分类/Info.plist";
				LD_RUNPATH_SEARCH_PATHS = "$(inherited) @executable_path/Frameworks";
				PRODUCT_BUNDLE_IDENTIFIER = "come.cm.----";
				PRODUCT_NAME = "$(TARGET_NAME)";
			};
			name = Debug;
		};
		2B0AD74F1DAE0D630068CB71 /* Release */ = {
			isa = XCBuildConfiguration;
			buildSettings = {
				ASSETCATALOG_COMPILER_APPICON_NAME = AppIcon;
				INFOPLIST_FILE = "添加分类/Info.plist";
				LD_RUNPATH_SEARCH_PATHS = "$(inherited) @executable_path/Frameworks";
				PRODUCT_BUNDLE_IDENTIFIER = "come.cm.----";
				PRODUCT_NAME = "$(TARGET_NAME)";
			};
			name = Release;
		};
/* End XCBuildConfiguration section */

/* Begin XCConfigurationList section */
		2B0AD7311DAE0D630068CB71 /* Build configuration list for PBXProject "添加分类" */ = {
			isa = XCConfigurationList;
			buildConfigurations = (
				2B0AD74B1DAE0D630068CB71 /* Debug */,
				2B0AD74C1DAE0D630068CB71 /* Release */,
			);
			defaultConfigurationIsVisible = 0;
			defaultConfigurationName = Release;
		};
		2B0AD74D1DAE0D630068CB71 /* Build configuration list for PBXNativeTarget "添加分类" */ = {
			isa = XCConfigurationList;
			buildConfigurations = (
				2B0AD74E1DAE0D630068CB71 /* Debug */,
				2B0AD74F1DAE0D630068CB71 /* Release */,
			);
			defaultConfigurationIsVisible = 0;
		};
/* End XCConfigurationList section */
	};
	rootObject = 2B0AD72E1DAE0D630068CB71 /* Project object */;
}
